
Microsoft Visual Studio Solution File, Format Version 12.00
# Visual Studio Version 17
VisualStudioVersion = 17.7.34221.43
MinimumVisualStudioVersion = 10.0.40219.1
Project("{FAE04EC0-301F-11D3-BF4B-00C04F79EFBC}") = "Quarter Horse Online Auction", "Quarter Horse Online Auction.csproj", "{9FE6C1C6-E91A-4A43-9EBD-41B564239A67}"
EndProject
Global
	GlobalSection(SolutionConfigurationPlatforms) = preSolution
		Debug|Any CPU = Debug|Any CPU
		Release|Any CPU = Release|Any CPU
	EndGlobalSection
	GlobalSection(ProjectConfigurationPlatforms) = postSolution
		{9FE6C1C6-E91A-4A43-9EBD-41B564239A67}.Debug|Any CPU.ActiveCfg = Debug|Any CPU
		{9FE6C1C6-E91A-4A43-9EBD-41B564239A67}.Debug|Any CPU.Build.0 = Debug|Any CPU
		{9FE6C1C6-E91A-4A43-9EBD-41B564239A67}.Release|Any CPU.ActiveCfg = Release|Any CPU
		{9FE6C1C6-E91A-4A43-9EBD-41B564239A67}.Release|Any CPU.Build.0 = Release|Any CPU
	EndGlobalSection
	GlobalSection(SolutionProperties) = preSolution
		HideSolutionNode = FALSE
	EndGlobalSection
	GlobalSection(ExtensibilityGlobals) = postSolution
		SolutionGuid = {F7F5949C-95EC-41A9-B5B2-181D73A8982D}
	EndGlobalSection
EndGlobal
